
Microsoft Visual Studio Solution File, Format Version 12.00
Project("{FAE04EC0-301F-11D3-BF4B-00C04F79EFBC}") = "Epsilon.Cli", "Epsilon.Cli\Epsilon.Cli.csproj", "{358E6BB1-E2A2-4397-A831-A2194604D532}"
EndProject
Project("{FAE04EC0-301F-11D3-BF4B-00C04F79EFBC}") = "Epsilon.Canvas", "Epsilon.Canvas\Epsilon.Canvas.csproj", "{AD6AB75F-D71B-4FDD-8B37-1FB547AAC753}"
EndProject
Project("{FAE04EC0-301F-11D3-BF4B-00C04F79EFBC}") = "Epsilon.Canvas.Abstractions", "Epsilon.Canvas.Abstractions\Epsilon.Canvas.Abstractions.csproj", "{A8301F2C-F889-464F-9385-862BFB447435}"
EndProject
Project("{FAE04EC0-301F-11D3-BF4B-00C04F79EFBC}") = "Epsilon.Canvas.Tests", "Epsilon.Canvas.Tests\Epsilon.Canvas.Tests.csproj", "{9DF6EB90-439D-4372-9912-0B82B84D1C36}"
EndProject
Project("{FAE04EC0-301F-11D3-BF4B-00C04F79EFBC}") = "Epsilon", "Epsilon\Epsilon.csproj", "{30C8913E-6FAF-42AF-A3AE-0CF0E5A3DC88}"
EndProject
Project("{FAE04EC0-301F-11D3-BF4B-00C04F79EFBC}") = "Epsilon.Abstractions", "Epsilon.Abstractions\Epsilon.Abstractions.csproj", "{4AEA96B5-B30A-49C7-8871-29D18587936F}"
EndProject
Project("{FAE04EC0-301F-11D3-BF4B-00C04F79EFBC}") = "Epsilon.Http.Abstractions", "Epsilon.Http.Abstractions\Epsilon.Http.Abstractions.csproj", "{4BC41253-DFBF-4C5F-94AE-F639F306207C}"
EndProject
Global
	GlobalSection(SolutionConfigurationPlatforms) = preSolution
		Debug|Any CPU = Debug|Any CPU
		Release|Any CPU = Release|Any CPU
	EndGlobalSection
	GlobalSection(ProjectConfigurationPlatforms) = postSolution
		{358E6BB1-E2A2-4397-A831-A2194604D532}.Debug|Any CPU.ActiveCfg = Debug|Any CPU
		{358E6BB1-E2A2-4397-A831-A2194604D532}.Debug|Any CPU.Build.0 = Debug|Any CPU
		{358E6BB1-E2A2-4397-A831-A2194604D532}.Release|Any CPU.ActiveCfg = Release|Any CPU
		{358E6BB1-E2A2-4397-A831-A2194604D532}.Release|Any CPU.Build.0 = Release|Any CPU
		{AD6AB75F-D71B-4FDD-8B37-1FB547AAC753}.Debug|Any CPU.ActiveCfg = Debug|Any CPU
		{AD6AB75F-D71B-4FDD-8B37-1FB547AAC753}.Debug|Any CPU.Build.0 = Debug|Any CPU
		{AD6AB75F-D71B-4FDD-8B37-1FB547AAC753}.Release|Any CPU.ActiveCfg = Release|Any CPU
		{AD6AB75F-D71B-4FDD-8B37-1FB547AAC753}.Release|Any CPU.Build.0 = Release|Any CPU
		{A8301F2C-F889-464F-9385-862BFB447435}.Debug|Any CPU.ActiveCfg = Debug|Any CPU
		{A8301F2C-F889-464F-9385-862BFB447435}.Debug|Any CPU.Build.0 = Debug|Any CPU
		{A8301F2C-F889-464F-9385-862BFB447435}.Release|Any CPU.ActiveCfg = Release|Any CPU
		{A8301F2C-F889-464F-9385-862BFB447435}.Release|Any CPU.Build.0 = Release|Any CPU
		{9DF6EB90-439D-4372-9912-0B82B84D1C36}.Debug|Any CPU.ActiveCfg = Debug|Any CPU
		{9DF6EB90-439D-4372-9912-0B82B84D1C36}.Debug|Any CPU.Build.0 = Debug|Any CPU
		{9DF6EB90-439D-4372-9912-0B82B84D1C36}.Release|Any CPU.ActiveCfg = Release|Any CPU
		{9DF6EB90-439D-4372-9912-0B82B84D1C36}.Release|Any CPU.Build.0 = Release|Any CPU
		{30C8913E-6FAF-42AF-A3AE-0CF0E5A3DC88}.Debug|Any CPU.ActiveCfg = Debug|Any CPU
		{30C8913E-6FAF-42AF-A3AE-0CF0E5A3DC88}.Debug|Any CPU.Build.0 = Debug|Any CPU
		{30C8913E-6FAF-42AF-A3AE-0CF0E5A3DC88}.Release|Any CPU.ActiveCfg = Release|Any CPU
		{30C8913E-6FAF-42AF-A3AE-0CF0E5A3DC88}.Release|Any CPU.Build.0 = Release|Any CPU
		{4AEA96B5-B30A-49C7-8871-29D18587936F}.Debug|Any CPU.ActiveCfg = Debug|Any CPU
		{4AEA96B5-B30A-49C7-8871-29D18587936F}.Debug|Any CPU.Build.0 = Debug|Any CPU
		{4AEA96B5-B30A-49C7-8871-29D18587936F}.Release|Any CPU.ActiveCfg = Release|Any CPU
		{4AEA96B5-B30A-49C7-8871-29D18587936F}.Release|Any CPU.Build.0 = Release|Any CPU
		{4BC41253-DFBF-4C5F-94AE-F639F306207C}.Debug|Any CPU.ActiveCfg = Debug|Any CPU
		{4BC41253-DFBF-4C5F-94AE-F639F306207C}.Debug|Any CPU.Build.0 = Debug|Any CPU
		{4BC41253-DFBF-4C5F-94AE-F639F306207C}.Release|Any CPU.ActiveCfg = Release|Any CPU
		{4BC41253-DFBF-4C5F-94AE-F639F306207C}.Release|Any CPU.Build.0 = Release|Any CPU
	EndGlobalSection
EndGlobal
