
Microsoft Visual Studio Solution File, Format Version 12.00
Project("{FAE04EC0-301F-11D3-BF4B-00C04F79EFBC}") = "Epsilon.Cli", "Epsilon.Cli\Epsilon.Cli.csproj", "{358E6BB1-E2A2-4397-A831-A2194604D532}"
EndProject
Project("{FAE04EC0-301F-11D3-BF4B-00C04F79EFBC}") = "Epsilon.Canvas", "Epsilon.Canvas\Epsilon.Canvas.csproj", "{AD6AB75F-D71B-4FDD-8B37-1FB547AAC753}"
EndProject
Project("{FAE04EC0-301F-11D3-BF4B-00C04F79EFBC}") = "Epsilon.Canvas.Abstractions", "Epsilon.Canvas.Abstractions\Epsilon.Canvas.Abstractions.csproj", "{A8301F2C-F889-464F-9385-862BFB447435}"
EndProject
Project("{FAE04EC0-301F-11D3-BF4B-00C04F79EFBC}") = "Epsilon.Canvas.Tests", "Epsilon.Canvas.Tests\Epsilon.Canvas.Tests.csproj", "{9DF6EB90-439D-4372-9912-0B82B84D1C36}"
EndProject
Project("{FAE04EC0-301F-11D3-BF4B-00C04F79EFBC}") = "Epsilon.Http.Abstractions", "Epsilon.Http.Abstractions\Epsilon.Http.Abstractions.csproj", "{D3E6D674-FCE2-4750-B6EC-669A4B6D103A}"
EndProject
Project("{FAE04EC0-301F-11D3-BF4B-00C04F79EFBC}") = "Epsilon.Http", "Epsilon.Http\Epsilon.Http.csproj", "{E1A47E69-DD5C-4F2A-A576-4F6F04D31632}"
EndProject
Project("{FAE04EC0-301F-11D3-BF4B-00C04F79EFBC}") = "Epsilon.Formats", "Epsilon.Formats\Epsilon.Formats.csproj", "{71489128-3644-4FB5-ADEC-9BCE650FFCD7}"
EndProject
Project("{FAE04EC0-301F-11D3-BF4B-00C04F79EFBC}") = "Epsilon.Formats.Abstractions", "Epsilon.Formats.Abstractions\Epsilon.Formats.Abstractions.csproj", "{33ACABE7-20F5-4DE4-A1D7-0F8EF62F2A8A}"
EndProject
Global
	GlobalSection(SolutionConfigurationPlatforms) = preSolution
		Debug|Any CPU = Debug|Any CPU
		Release|Any CPU = Release|Any CPU
	EndGlobalSection
	GlobalSection(ProjectConfigurationPlatforms) = postSolution
		{358E6BB1-E2A2-4397-A831-A2194604D532}.Debug|Any CPU.ActiveCfg = Debug|Any CPU
		{358E6BB1-E2A2-4397-A831-A2194604D532}.Debug|Any CPU.Build.0 = Debug|Any CPU
		{358E6BB1-E2A2-4397-A831-A2194604D532}.Release|Any CPU.ActiveCfg = Release|Any CPU
		{358E6BB1-E2A2-4397-A831-A2194604D532}.Release|Any CPU.Build.0 = Release|Any CPU
		{AD6AB75F-D71B-4FDD-8B37-1FB547AAC753}.Debug|Any CPU.ActiveCfg = Debug|Any CPU
		{AD6AB75F-D71B-4FDD-8B37-1FB547AAC753}.Debug|Any CPU.Build.0 = Debug|Any CPU
		{AD6AB75F-D71B-4FDD-8B37-1FB547AAC753}.Release|Any CPU.ActiveCfg = Release|Any CPU
		{AD6AB75F-D71B-4FDD-8B37-1FB547AAC753}.Release|Any CPU.Build.0 = Release|Any CPU
		{A8301F2C-F889-464F-9385-862BFB447435}.Debug|Any CPU.ActiveCfg = Debug|Any CPU
		{A8301F2C-F889-464F-9385-862BFB447435}.Debug|Any CPU.Build.0 = Debug|Any CPU
		{A8301F2C-F889-464F-9385-862BFB447435}.Release|Any CPU.ActiveCfg = Release|Any CPU
		{A8301F2C-F889-464F-9385-862BFB447435}.Release|Any CPU.Build.0 = Release|Any CPU
		{9DF6EB90-439D-4372-9912-0B82B84D1C36}.Debug|Any CPU.ActiveCfg = Debug|Any CPU
		{9DF6EB90-439D-4372-9912-0B82B84D1C36}.Debug|Any CPU.Build.0 = Debug|Any CPU
		{9DF6EB90-439D-4372-9912-0B82B84D1C36}.Release|Any CPU.ActiveCfg = Release|Any CPU
		{9DF6EB90-439D-4372-9912-0B82B84D1C36}.Release|Any CPU.Build.0 = Release|Any CPU
		{D3E6D674-FCE2-4750-B6EC-669A4B6D103A}.Debug|Any CPU.ActiveCfg = Debug|Any CPU
		{D3E6D674-FCE2-4750-B6EC-669A4B6D103A}.Debug|Any CPU.Build.0 = Debug|Any CPU
		{D3E6D674-FCE2-4750-B6EC-669A4B6D103A}.Release|Any CPU.ActiveCfg = Release|Any CPU
		{D3E6D674-FCE2-4750-B6EC-669A4B6D103A}.Release|Any CPU.Build.0 = Release|Any CPU
		{E1A47E69-DD5C-4F2A-A576-4F6F04D31632}.Debug|Any CPU.ActiveCfg = Debug|Any CPU
		{E1A47E69-DD5C-4F2A-A576-4F6F04D31632}.Debug|Any CPU.Build.0 = Debug|Any CPU
		{E1A47E69-DD5C-4F2A-A576-4F6F04D31632}.Release|Any CPU.ActiveCfg = Release|Any CPU
		{E1A47E69-DD5C-4F2A-A576-4F6F04D31632}.Release|Any CPU.Build.0 = Release|Any CPU
		{71489128-3644-4FB5-ADEC-9BCE650FFCD7}.Debug|Any CPU.ActiveCfg = Debug|Any CPU
		{71489128-3644-4FB5-ADEC-9BCE650FFCD7}.Debug|Any CPU.Build.0 = Debug|Any CPU
		{71489128-3644-4FB5-ADEC-9BCE650FFCD7}.Release|Any CPU.ActiveCfg = Release|Any CPU
		{71489128-3644-4FB5-ADEC-9BCE650FFCD7}.Release|Any CPU.Build.0 = Release|Any CPU
		{33ACABE7-20F5-4DE4-A1D7-0F8EF62F2A8A}.Debug|Any CPU.ActiveCfg = Debug|Any CPU
		{33ACABE7-20F5-4DE4-A1D7-0F8EF62F2A8A}.Debug|Any CPU.Build.0 = Debug|Any CPU
		{33ACABE7-20F5-4DE4-A1D7-0F8EF62F2A8A}.Release|Any CPU.ActiveCfg = Release|Any CPU
		{33ACABE7-20F5-4DE4-A1D7-0F8EF62F2A8A}.Release|Any CPU.Build.0 = Release|Any CPU
	EndGlobalSection
EndGlobal
